
Microsoft Visual Studio Solution File, Format Version 12.00
Project("{FAE04EC0-301F-11D3-BF4B-00C04F79EFBC}") = "InversionOfControl.Core", "InversionOfControl.Core\InversionOfControl.Core.csproj", "{0D44A469-4946-4604-A820-CC45D8D3A81F}"
EndProject
Project("{FAE04EC0-301F-11D3-BF4B-00C04F79EFBC}") = "InversionOfControl.Tests", "InversionOfControl.Tests\InversionOfControl.Tests.csproj", "{89354603-4504-490C-9982-AEA948EEF817}"
EndProject
Project("{FAE04EC0-301F-11D3-BF4B-00C04F79EFBC}") = "InversionOfControl.Entities", "InversionOfControl.Entities\InversionOfControl.Entities.csproj", "{DA047C5C-74FD-43BD-B93A-C2BE8F94B1D5}"
EndProject
Project("{FAE04EC0-301F-11D3-BF4B-00C04F79EFBC}") = "InversionOfControl.UI", "InversionOfControl.UI\InversionOfControl.UI.csproj", "{75C523BE-889A-483C-8CBE-9D9E1441E3D7}"
EndProject
Project("{2150E333-8FDC-42A3-9474-1A3956D46DE8}") = ".github", ".github", "{E4AC11FE-6270-48DA-AA0B-A82E8C75EB5A}"
EndProject
Project("{2150E333-8FDC-42A3-9474-1A3956D46DE8}") = "workflows", "workflows", "{A775457D-185A-4E0F-8959-B32D308C9CFD}"
	ProjectSection(SolutionItems) = preProject
		.github\workflows\build.yml = .github\workflows\build.yml
		.github\workflows\deploy-nuget.yml = .github\workflows\deploy-nuget.yml
	EndProjectSection
EndProject
Project("{2150E333-8FDC-42A3-9474-1A3956D46DE8}") = "items", "items", "{973E8C93-8D28-4AB2-A396-02F44F298339}"
	ProjectSection(SolutionItems) = preProject
		.gitignore = .gitignore
	EndProjectSection
EndProject
Global
	GlobalSection(SolutionConfigurationPlatforms) = preSolution
		Debug|Any CPU = Debug|Any CPU
		Release|Any CPU = Release|Any CPU
	EndGlobalSection
	GlobalSection(ProjectConfigurationPlatforms) = postSolution
		{0D44A469-4946-4604-A820-CC45D8D3A81F}.Debug|Any CPU.ActiveCfg = Debug|Any CPU
		{0D44A469-4946-4604-A820-CC45D8D3A81F}.Debug|Any CPU.Build.0 = Debug|Any CPU
		{0D44A469-4946-4604-A820-CC45D8D3A81F}.Release|Any CPU.ActiveCfg = Release|Any CPU
		{0D44A469-4946-4604-A820-CC45D8D3A81F}.Release|Any CPU.Build.0 = Release|Any CPU
		{89354603-4504-490C-9982-AEA948EEF817}.Debug|Any CPU.ActiveCfg = Debug|Any CPU
		{89354603-4504-490C-9982-AEA948EEF817}.Debug|Any CPU.Build.0 = Debug|Any CPU
		{89354603-4504-490C-9982-AEA948EEF817}.Release|Any CPU.ActiveCfg = Release|Any CPU
		{89354603-4504-490C-9982-AEA948EEF817}.Release|Any CPU.Build.0 = Release|Any CPU
		{DA047C5C-74FD-43BD-B93A-C2BE8F94B1D5}.Debug|Any CPU.ActiveCfg = Debug|Any CPU
		{DA047C5C-74FD-43BD-B93A-C2BE8F94B1D5}.Debug|Any CPU.Build.0 = Debug|Any CPU
		{DA047C5C-74FD-43BD-B93A-C2BE8F94B1D5}.Release|Any CPU.ActiveCfg = Release|Any CPU
		{DA047C5C-74FD-43BD-B93A-C2BE8F94B1D5}.Release|Any CPU.Build.0 = Release|Any CPU
		{75C523BE-889A-483C-8CBE-9D9E1441E3D7}.Debug|Any CPU.ActiveCfg = Debug|Any CPU
		{75C523BE-889A-483C-8CBE-9D9E1441E3D7}.Debug|Any CPU.Build.0 = Debug|Any CPU
		{75C523BE-889A-483C-8CBE-9D9E1441E3D7}.Release|Any CPU.ActiveCfg = Release|Any CPU
		{75C523BE-889A-483C-8CBE-9D9E1441E3D7}.Release|Any CPU.Build.0 = Release|Any CPU
	EndGlobalSection
	GlobalSection(NestedProjects) = preSolution
		{A775457D-185A-4E0F-8959-B32D308C9CFD} = {E4AC11FE-6270-48DA-AA0B-A82E8C75EB5A}
	EndGlobalSection
EndGlobal
